
Microsoft Visual Studio Solution File, Format Version 12.00
# Visual Studio Version 16
VisualStudioVersion = 16.0.31025.194
MinimumVisualStudioVersion = 10.0.40219.1
Project("{FAE04EC0-301F-11D3-BF4B-00C04F79EFBC}") = "DataGrid_Sekillendirme", "DataGrid_Sekillendirme\DataGrid_Sekillendirme.csproj", "{967A1B71-A6C2-4680-B87F-F1791C4544CC}"
EndProject
Global
	GlobalSection(SolutionConfigurationPlatforms) = preSolution
		Debug|Any CPU = Debug|Any CPU
		Release|Any CPU = Release|Any CPU
	EndGlobalSection
	GlobalSection(ProjectConfigurationPlatforms) = postSolution
		{967A1B71-A6C2-4680-B87F-F1791C4544CC}.Debug|Any CPU.ActiveCfg = Debug|Any CPU
		{967A1B71-A6C2-4680-B87F-F1791C4544CC}.Debug|Any CPU.Build.0 = Debug|Any CPU
		{967A1B71-A6C2-4680-B87F-F1791C4544CC}.Release|Any CPU.ActiveCfg = Release|Any CPU
		{967A1B71-A6C2-4680-B87F-F1791C4544CC}.Release|Any CPU.Build.0 = Release|Any CPU
	EndGlobalSection
	GlobalSection(SolutionProperties) = preSolution
		HideSolutionNode = FALSE
	EndGlobalSection
	GlobalSection(ExtensibilityGlobals) = postSolution
		SolutionGuid = {16B79040-FAA8-4697-A644-10FCBA80A6BC}
	EndGlobalSection
EndGlobal
